// !$*UTF8*$!
{
	archiveVersion = 1;
	classes = {
	};
	objectVersion = 56;
	objects = {

/* Begin PBXBuildFile section */
		3D59500E2CB4242E002D47CB /* AppDelegate.swift in Sources */ = {isa = PBXBuildFile; fileRef = 3D59500D2CB4242E002D47CB /* AppDelegate.swift */; };
		3D5950102CB4242E002D47CB /* SceneDelegate.swift in Sources */ = {isa = PBXBuildFile; fileRef = 3D59500F2CB4242E002D47CB /* SceneDelegate.swift */; };
		3D5950122CB4242E002D47CB /* ViewController.swift in Sources */ = {isa = PBXBuildFile; fileRef = 3D5950112CB4242E002D47CB /* ViewController.swift */; };
		3D5950172CB42431002D47CB /* Assets.xcassets in Resources */ = {isa = PBXBuildFile; fileRef = 3D5950162CB42431002D47CB /* Assets.xcassets */; };
		3D59501A2CB42431002D47CB /* LaunchScreen.storyboard in Resources */ = {isa = PBXBuildFile; fileRef = 3D5950182CB42431002D47CB /* LaunchScreen.storyboard */; };
		3D59502E2CB4256F002D47CB /* HomeViewController.swift in Sources */ = {isa = PBXBuildFile; fileRef = 3D59502D2CB4256F002D47CB /* HomeViewController.swift */; };
		3D5950302CB42584002D47CB /* UpComingViewController.swift in Sources */ = {isa = PBXBuildFile; fileRef = 3D59502F2CB42584002D47CB /* UpComingViewController.swift */; };
		3D5950322CB42590002D47CB /* SearchViewController.swift in Sources */ = {isa = PBXBuildFile; fileRef = 3D5950312CB42590002D47CB /* SearchViewController.swift */; };
		3D5950342CB425A2002D47CB /* DownloadViewController.swift in Sources */ = {isa = PBXBuildFile; fileRef = 3D5950332CB425A2002D47CB /* DownloadViewController.swift */; };
		3D5950362CB5557C002D47CB /* MainTabBarController.swift in Sources */ = {isa = PBXBuildFile; fileRef = 3D5950352CB5557C002D47CB /* MainTabBarController.swift */; };
		3D5950392CB55B3B002D47CB /* SnapKit in Frameworks */ = {isa = PBXBuildFile; productRef = 3D5950382CB55B3B002D47CB /* SnapKit */; };
		3D6618D72CBFDCF80024CD71 /* CollectionViewTableViewCell.swift in Sources */ = {isa = PBXBuildFile; fileRef = 3D6618D62CBFDCF80024CD71 /* CollectionViewTableViewCell.swift */; };
		3D6618D92CBFE9430024CD71 /* CGFloat + Ext.swift in Sources */ = {isa = PBXBuildFile; fileRef = 3D6618D82CBFE9430024CD71 /* CGFloat + Ext.swift */; };
		3D6618DB2CC0285A0024CD71 /* MovieCollectionViewCell.swift in Sources */ = {isa = PBXBuildFile; fileRef = 3D6618DA2CC0285A0024CD71 /* MovieCollectionViewCell.swift */; };
		3D6618DE2CC043F00024CD71 /* MainHeroHeaderView.swift in Sources */ = {isa = PBXBuildFile; fileRef = 3D6618DD2CC043F00024CD71 /* MainHeroHeaderView.swift */; };
/* End PBXBuildFile section */

/* Begin PBXFileReference section */
		3D59500A2CB4242E002D47CB /* Netflix.app */ = {isa = PBXFileReference; explicitFileType = wrapper.application; includeInIndex = 0; path = Netflix.app; sourceTree = BUILT_PRODUCTS_DIR; };
		3D59500D2CB4242E002D47CB /* AppDelegate.swift */ = {isa = PBXFileReference; lastKnownFileType = sourcecode.swift; path = AppDelegate.swift; sourceTree = "<group>"; };
		3D59500F2CB4242E002D47CB /* SceneDelegate.swift */ = {isa = PBXFileReference; lastKnownFileType = sourcecode.swift; path = SceneDelegate.swift; sourceTree = "<group>"; };
		3D5950112CB4242E002D47CB /* ViewController.swift */ = {isa = PBXFileReference; lastKnownFileType = sourcecode.swift; path = ViewController.swift; sourceTree = "<group>"; };
		3D5950162CB42431002D47CB /* Assets.xcassets */ = {isa = PBXFileReference; lastKnownFileType = folder.assetcatalog; path = Assets.xcassets; sourceTree = "<group>"; };
		3D5950192CB42431002D47CB /* Base */ = {isa = PBXFileReference; lastKnownFileType = file.storyboard; name = Base; path = Base.lproj/LaunchScreen.storyboard; sourceTree = "<group>"; };
		3D59501B2CB42431002D47CB /* Info.plist */ = {isa = PBXFileReference; lastKnownFileType = text.plist.xml; path = Info.plist; sourceTree = "<group>"; };
		3D59502D2CB4256F002D47CB /* HomeViewController.swift */ = {isa = PBXFileReference; lastKnownFileType = sourcecode.swift; path = HomeViewController.swift; sourceTree = "<group>"; };
		3D59502F2CB42584002D47CB /* UpComingViewController.swift */ = {isa = PBXFileReference; lastKnownFileType = sourcecode.swift; path = UpComingViewController.swift; sourceTree = "<group>"; };
		3D5950312CB42590002D47CB /* SearchViewController.swift */ = {isa = PBXFileReference; lastKnownFileType = sourcecode.swift; path = SearchViewController.swift; sourceTree = "<group>"; };
		3D5950332CB425A2002D47CB /* DownloadViewController.swift */ = {isa = PBXFileReference; lastKnownFileType = sourcecode.swift; path = DownloadViewController.swift; sourceTree = "<group>"; };
		3D5950352CB5557C002D47CB /* MainTabBarController.swift */ = {isa = PBXFileReference; lastKnownFileType = sourcecode.swift; path = MainTabBarController.swift; sourceTree = "<group>"; };
		3D6618D62CBFDCF80024CD71 /* CollectionViewTableViewCell.swift */ = {isa = PBXFileReference; lastKnownFileType = sourcecode.swift; path = CollectionViewTableViewCell.swift; sourceTree = "<group>"; };
		3D6618D82CBFE9430024CD71 /* CGFloat + Ext.swift */ = {isa = PBXFileReference; lastKnownFileType = sourcecode.swift; path = "CGFloat + Ext.swift"; sourceTree = "<group>"; };
		3D6618DA2CC0285A0024CD71 /* MovieCollectionViewCell.swift */ = {isa = PBXFileReference; lastKnownFileType = sourcecode.swift; path = MovieCollectionViewCell.swift; sourceTree = "<group>"; };
		3D6618DD2CC043F00024CD71 /* MainHeroHeaderView.swift */ = {isa = PBXFileReference; lastKnownFileType = sourcecode.swift; path = MainHeroHeaderView.swift; sourceTree = "<group>"; };
/* End PBXFileReference section */

/* Begin PBXFrameworksBuildPhase section */
		3D5950072CB4242E002D47CB /* Frameworks */ = {
			isa = PBXFrameworksBuildPhase;
			buildActionMask = 2147483647;
			files = (
				3D5950392CB55B3B002D47CB /* SnapKit in Frameworks */,
			);
			runOnlyForDeploymentPostprocessing = 0;
		};
/* End PBXFrameworksBuildPhase section */

/* Begin PBXGroup section */
		3D5950012CB4242E002D47CB = {
			isa = PBXGroup;
			children = (
				3D59500C2CB4242E002D47CB /* Netflix */,
				3D59500B2CB4242E002D47CB /* Products */,
			);
			sourceTree = "<group>";
		};
		3D59500B2CB4242E002D47CB /* Products */ = {
			isa = PBXGroup;
			children = (
				3D59500A2CB4242E002D47CB /* Netflix.app */,
			);
			name = Products;
			sourceTree = "<group>";
		};
		3D59500C2CB4242E002D47CB /* Netflix */ = {
			isa = PBXGroup;
			children = (
				3D5950212CB4248C002D47CB /* Scene */,
				3D5950222CB4249D002D47CB /* DownloadVC */,
				3D5950242CB424B9002D47CB /* SearchVC */,
				3D5950252CB424C8002D47CB /* UpComingVC */,
				3D5950262CB424DA002D47CB /* HomeVC */,
				3D5950282CB424F8002D47CB /* Extensions */,
				3D5950292CB4250B002D47CB /* Model */,
				3D59502A2CB4251A002D47CB /* Service */,
				3D59502B2CB42528002D47CB /* Manager */,
				3D59502C2CB42533002D47CB /* Support */,
				3D59500D2CB4242E002D47CB /* AppDelegate.swift */,
				3D59500F2CB4242E002D47CB /* SceneDelegate.swift */,
				3D5950112CB4242E002D47CB /* ViewController.swift */,
				3D5950162CB42431002D47CB /* Assets.xcassets */,
				3D5950182CB42431002D47CB /* LaunchScreen.storyboard */,
				3D59501B2CB42431002D47CB /* Info.plist */,
			);
			path = Netflix;
			sourceTree = "<group>";
		};
		3D5950212CB4248C002D47CB /* Scene */ = {
			isa = PBXGroup;
			children = (
				3D5950352CB5557C002D47CB /* MainTabBarController.swift */,
			);
			path = Scene;
			sourceTree = "<group>";
		};
		3D5950222CB4249D002D47CB /* DownloadVC */ = {
			isa = PBXGroup;
			children = (
				3D5950332CB425A2002D47CB /* DownloadViewController.swift */,
			);
			path = DownloadVC;
			sourceTree = "<group>";
		};
		3D5950242CB424B9002D47CB /* SearchVC */ = {
			isa = PBXGroup;
			children = (
				3D5950312CB42590002D47CB /* SearchViewController.swift */,
			);
			path = SearchVC;
			sourceTree = "<group>";
		};
		3D5950252CB424C8002D47CB /* UpComingVC */ = {
			isa = PBXGroup;
			children = (
				3D59502F2CB42584002D47CB /* UpComingViewController.swift */,
			);
			path = UpComingVC;
			sourceTree = "<group>";
		};
		3D5950262CB424DA002D47CB /* HomeVC */ = {
			isa = PBXGroup;
			children = (
				3D6618DC2CC043B00024CD71 /* Views */,
				3D5950272CB424EC002D47CB /* Cell */,
				3D59502D2CB4256F002D47CB /* HomeViewController.swift */,
			);
			path = HomeVC;
			sourceTree = "<group>";
		};
		3D5950272CB424EC002D47CB /* Cell */ = {
			isa = PBXGroup;
			children = (
				3D6618D62CBFDCF80024CD71 /* CollectionViewTableViewCell.swift */,
				3D6618DA2CC0285A0024CD71 /* MovieCollectionViewCell.swift */,
			);
			path = Cell;
			sourceTree = "<group>";
		};
		3D5950282CB424F8002D47CB /* Extensions */ = {
			isa = PBXGroup;
			children = (
				3D6618D82CBFE9430024CD71 /* CGFloat + Ext.swift */,
			);
			path = Extensions;
			sourceTree = "<group>";
		};
		3D5950292CB4250B002D47CB /* Model */ = {
			isa = PBXGroup;
			children = (
			);
			path = Model;
			sourceTree = "<group>";
		};
		3D59502A2CB4251A002D47CB /* Service */ = {
			isa = PBXGroup;
			children = (
			);
			path = Service;
			sourceTree = "<group>";
		};
		3D59502B2CB42528002D47CB /* Manager */ = {
			isa = PBXGroup;
			children = (
			);
			path = Manager;
			sourceTree = "<group>";
		};
		3D59502C2CB42533002D47CB /* Support */ = {
			isa = PBXGroup;
			children = (
			);
			path = Support;
			sourceTree = "<group>";
		};
		3D6618DC2CC043B00024CD71 /* Views */ = {
			isa = PBXGroup;
			children = (
				3D6618DD2CC043F00024CD71 /* MainHeroHeaderView.swift */,
			);
			path = Views;
			sourceTree = "<group>";
		};
/* End PBXGroup section */

/* Begin PBXNativeTarget section */
		3D5950092CB4242E002D47CB /* Netflix */ = {
			isa = PBXNativeTarget;
			buildConfigurationList = 3D59501E2CB42431002D47CB /* Build configuration list for PBXNativeTarget "Netflix" */;
			buildPhases = (
				3D5950062CB4242E002D47CB /* Sources */,
				3D5950072CB4242E002D47CB /* Frameworks */,
				3D5950082CB4242E002D47CB /* Resources */,
			);
			buildRules = (
			);
			dependencies = (
			);
			name = Netflix;
			packageProductDependencies = (
				3D5950382CB55B3B002D47CB /* SnapKit */,
			);
			productName = Netflix;
			productReference = 3D59500A2CB4242E002D47CB /* Netflix.app */;
			productType = "com.apple.product-type.application";
		};
/* End PBXNativeTarget section */

/* Begin PBXProject section */
		3D5950022CB4242E002D47CB /* Project object */ = {
			isa = PBXProject;
			attributes = {
				BuildIndependentTargetsInParallel = 1;
				LastSwiftUpdateCheck = 1500;
				LastUpgradeCheck = 1500;
				TargetAttributes = {
					3D5950092CB4242E002D47CB = {
						CreatedOnToolsVersion = 15.0.1;
					};
				};
			};
			buildConfigurationList = 3D5950052CB4242E002D47CB /* Build configuration list for PBXProject "Netflix" */;
			compatibilityVersion = "Xcode 14.0";
			developmentRegion = en;
			hasScannedForEncodings = 0;
			knownRegions = (
				en,
				Base,
			);
			mainGroup = 3D5950012CB4242E002D47CB;
			packageReferences = (
				3D5950372CB55B3B002D47CB /* XCRemoteSwiftPackageReference "SnapKit" */,
			);
			productRefGroup = 3D59500B2CB4242E002D47CB /* Products */;
			projectDirPath = "";
			projectRoot = "";
			targets = (
				3D5950092CB4242E002D47CB /* Netflix */,
			);
		};
/* End PBXProject section */

/* Begin PBXResourcesBuildPhase section */
		3D5950082CB4242E002D47CB /* Resources */ = {
			isa = PBXResourcesBuildPhase;
			buildActionMask = 2147483647;
			files = (
				3D59501A2CB42431002D47CB /* LaunchScreen.storyboard in Resources */,
				3D5950172CB42431002D47CB /* Assets.xcassets in Resources */,
			);
			runOnlyForDeploymentPostprocessing = 0;
		};
/* End PBXResourcesBuildPhase section */

/* Begin PBXSourcesBuildPhase section */
		3D5950062CB4242E002D47CB /* Sources */ = {
			isa = PBXSourcesBuildPhase;
			buildActionMask = 2147483647;
			files = (
				3D6618D92CBFE9430024CD71 /* CGFloat + Ext.swift in Sources */,
				3D5950322CB42590002D47CB /* SearchViewController.swift in Sources */,
				3D5950122CB4242E002D47CB /* ViewController.swift in Sources */,
				3D5950362CB5557C002D47CB /* MainTabBarController.swift in Sources */,
				3D59500E2CB4242E002D47CB /* AppDelegate.swift in Sources */,
				3D5950342CB425A2002D47CB /* DownloadViewController.swift in Sources */,
				3D6618D72CBFDCF80024CD71 /* CollectionViewTableViewCell.swift in Sources */,
				3D5950302CB42584002D47CB /* UpComingViewController.swift in Sources */,
				3D6618DB2CC0285A0024CD71 /* MovieCollectionViewCell.swift in Sources */,
				3D5950102CB4242E002D47CB /* SceneDelegate.swift in Sources */,
				3D6618DE2CC043F00024CD71 /* MainHeroHeaderView.swift in Sources */,
				3D59502E2CB4256F002D47CB /* HomeViewController.swift in Sources */,
			);
			runOnlyForDeploymentPostprocessing = 0;
		};
/* End PBXSourcesBuildPhase section */

/* Begin PBXVariantGroup section */
		3D5950182CB42431002D47CB /* LaunchScreen.storyboard */ = {
			isa = PBXVariantGroup;
			children = (
				3D5950192CB42431002D47CB /* Base */,
			);
			name = LaunchScreen.storyboard;
			sourceTree = "<group>";
		};
/* End PBXVariantGroup section */

/* Begin XCBuildConfiguration section */
		3D59501C2CB42431002D47CB /* Debug */ = {
			isa = XCBuildConfiguration;
			buildSettings = {
				ALWAYS_SEARCH_USER_PATHS = NO;
				ASSETCATALOG_COMPILER_GENERATE_SWIFT_ASSET_SYMBOL_EXTENSIONS = YES;
				CLANG_ANALYZER_NONNULL = YES;
				CLANG_ANALYZER_NUMBER_OBJECT_CONVERSION = YES_AGGRESSIVE;
				CLANG_CXX_LANGUAGE_STANDARD = "gnu++20";
				CLANG_ENABLE_MODULES = YES;
				CLANG_ENABLE_OBJC_ARC = YES;
				CLANG_ENABLE_OBJC_WEAK = YES;
				CLANG_WARN_BLOCK_CAPTURE_AUTORELEASING = YES;
				CLANG_WARN_BOOL_CONVERSION = YES;
				CLANG_WARN_COMMA = YES;
				CLANG_WARN_CONSTANT_CONVERSION = YES;
				CLANG_WARN_DEPRECATED_OBJC_IMPLEMENTATIONS = YES;
				CLANG_WARN_DIRECT_OBJC_ISA_USAGE = YES_ERROR;
				CLANG_WARN_DOCUMENTATION_COMMENTS = YES;
				CLANG_WARN_EMPTY_BODY = YES;
				CLANG_WARN_ENUM_CONVERSION = YES;
				CLANG_WARN_INFINITE_RECURSION = YES;
				CLANG_WARN_INT_CONVERSION = YES;
				CLANG_WARN_NON_LITERAL_NULL_CONVERSION = YES;
				CLANG_WARN_OBJC_IMPLICIT_RETAIN_SELF = YES;
				CLANG_WARN_OBJC_LITERAL_CONVERSION = YES;
				CLANG_WARN_OBJC_ROOT_CLASS = YES_ERROR;
				CLANG_WARN_QUOTED_INCLUDE_IN_FRAMEWORK_HEADER = YES;
				CLANG_WARN_RANGE_LOOP_ANALYSIS = YES;
				CLANG_WARN_STRICT_PROTOTYPES = YES;
				CLANG_WARN_SUSPICIOUS_MOVE = YES;
				CLANG_WARN_UNGUARDED_AVAILABILITY = YES_AGGRESSIVE;
				CLANG_WARN_UNREACHABLE_CODE = YES;
				CLANG_WARN__DUPLICATE_METHOD_MATCH = YES;
				COPY_PHASE_STRIP = NO;
				DEBUG_INFORMATION_FORMAT = dwarf;
				ENABLE_STRICT_OBJC_MSGSEND = YES;
				ENABLE_TESTABILITY = YES;
				ENABLE_USER_SCRIPT_SANDBOXING = YES;
				GCC_C_LANGUAGE_STANDARD = gnu17;
				GCC_DYNAMIC_NO_PIC = NO;
				GCC_NO_COMMON_BLOCKS = YES;
				GCC_OPTIMIZATION_LEVEL = 0;
				GCC_PREPROCESSOR_DEFINITIONS = (
					"DEBUG=1",
					"$(inherited)",
				);
				GCC_WARN_64_TO_32_BIT_CONVERSION = YES;
				GCC_WARN_ABOUT_RETURN_TYPE = YES_ERROR;
				GCC_WARN_UNDECLARED_SELECTOR = YES;
				GCC_WARN_UNINITIALIZED_AUTOS = YES_AGGRESSIVE;
				GCC_WARN_UNUSED_FUNCTION = YES;
				GCC_WARN_UNUSED_VARIABLE = YES;
				IPHONEOS_DEPLOYMENT_TARGET = 17.0;
				LOCALIZATION_PREFERS_STRING_CATALOGS = YES;
				MTL_ENABLE_DEBUG_INFO = INCLUDE_SOURCE;
				MTL_FAST_MATH = YES;
				ONLY_ACTIVE_ARCH = YES;
				SDKROOT = iphoneos;
				SWIFT_ACTIVE_COMPILATION_CONDITIONS = "DEBUG $(inherited)";
				SWIFT_OPTIMIZATION_LEVEL = "-Onone";
			};
			name = Debug;
		};
		3D59501D2CB42431002D47CB /* Release */ = {
			isa = XCBuildConfiguration;
			buildSettings = {
				ALWAYS_SEARCH_USER_PATHS = NO;
				ASSETCATALOG_COMPILER_GENERATE_SWIFT_ASSET_SYMBOL_EXTENSIONS = YES;
				CLANG_ANALYZER_NONNULL = YES;
				CLANG_ANALYZER_NUMBER_OBJECT_CONVERSION = YES_AGGRESSIVE;
				CLANG_CXX_LANGUAGE_STANDARD = "gnu++20";
				CLANG_ENABLE_MODULES = YES;
				CLANG_ENABLE_OBJC_ARC = YES;
				CLANG_ENABLE_OBJC_WEAK = YES;
				CLANG_WARN_BLOCK_CAPTURE_AUTORELEASING = YES;
				CLANG_WARN_BOOL_CONVERSION = YES;
				CLANG_WARN_COMMA = YES;
				CLANG_WARN_CONSTANT_CONVERSION = YES;
				CLANG_WARN_DEPRECATED_OBJC_IMPLEMENTATIONS = YES;
				CLANG_WARN_DIRECT_OBJC_ISA_USAGE = YES_ERROR;
				CLANG_WARN_DOCUMENTATION_COMMENTS = YES;
				CLANG_WARN_EMPTY_BODY = YES;
				CLANG_WARN_ENUM_CONVERSION = YES;
				CLANG_WARN_INFINITE_RECURSION = YES;
				CLANG_WARN_INT_CONVERSION = YES;
				CLANG_WARN_NON_LITERAL_NULL_CONVERSION = YES;
				CLANG_WARN_OBJC_IMPLICIT_RETAIN_SELF = YES;
				CLANG_WARN_OBJC_LITERAL_CONVERSION = YES;
				CLANG_WARN_OBJC_ROOT_CLASS = YES_ERROR;
				CLANG_WARN_QUOTED_INCLUDE_IN_FRAMEWORK_HEADER = YES;
				CLANG_WARN_RANGE_LOOP_ANALYSIS = YES;
				CLANG_WARN_STRICT_PROTOTYPES = YES;
				CLANG_WARN_SUSPICIOUS_MOVE = YES;
				CLANG_WARN_UNGUARDED_AVAILABILITY = YES_AGGRESSIVE;
				CLANG_WARN_UNREACHABLE_CODE = YES;
				CLANG_WARN__DUPLICATE_METHOD_MATCH = YES;
				COPY_PHASE_STRIP = NO;
				DEBUG_INFORMATION_FORMAT = "dwarf-with-dsym";
				ENABLE_NS_ASSERTIONS = NO;
				ENABLE_STRICT_OBJC_MSGSEND = YES;
				ENABLE_USER_SCRIPT_SANDBOXING = YES;
				GCC_C_LANGUAGE_STANDARD = gnu17;
				GCC_NO_COMMON_BLOCKS = YES;
				GCC_WARN_64_TO_32_BIT_CONVERSION = YES;
				GCC_WARN_ABOUT_RETURN_TYPE = YES_ERROR;
				GCC_WARN_UNDECLARED_SELECTOR = YES;
				GCC_WARN_UNINITIALIZED_AUTOS = YES_AGGRESSIVE;
				GCC_WARN_UNUSED_FUNCTION = YES;
				GCC_WARN_UNUSED_VARIABLE = YES;
				IPHONEOS_DEPLOYMENT_TARGET = 17.0;
				LOCALIZATION_PREFERS_STRING_CATALOGS = YES;
				MTL_ENABLE_DEBUG_INFO = NO;
				MTL_FAST_MATH = YES;
				SDKROOT = iphoneos;
				SWIFT_COMPILATION_MODE = wholemodule;
				VALIDATE_PRODUCT = YES;
			};
			name = Release;
		};
		3D59501F2CB42431002D47CB /* Debug */ = {
			isa = XCBuildConfiguration;
			buildSettings = {
				ASSETCATALOG_COMPILER_APPICON_NAME = AppIcon;
				ASSETCATALOG_COMPILER_GLOBAL_ACCENT_COLOR_NAME = AccentColor;
				CODE_SIGN_STYLE = Automatic;
				CURRENT_PROJECT_VERSION = 1;
				GENERATE_INFOPLIST_FILE = YES;
				INFOPLIST_FILE = Netflix/Info.plist;
				INFOPLIST_KEY_UIApplicationSupportsIndirectInputEvents = YES;
				INFOPLIST_KEY_UILaunchStoryboardName = LaunchScreen;
				INFOPLIST_KEY_UISupportedInterfaceOrientations_iPad = "UIInterfaceOrientationPortrait UIInterfaceOrientationPortraitUpsideDown UIInterfaceOrientationLandscapeLeft UIInterfaceOrientationLandscapeRight";
				INFOPLIST_KEY_UISupportedInterfaceOrientations_iPhone = "UIInterfaceOrientationPortrait UIInterfaceOrientationLandscapeLeft UIInterfaceOrientationLandscapeRight";
				LD_RUNPATH_SEARCH_PATHS = (
					"$(inherited)",
					"@executable_path/Frameworks",
				);
				MARKETING_VERSION = 1.0;
				PRODUCT_BUNDLE_IDENTIFIER = com.fatihoguz.Netflix;
				PRODUCT_NAME = "$(TARGET_NAME)";
				SWIFT_EMIT_LOC_STRINGS = YES;
				SWIFT_VERSION = 5.0;
				TARGETED_DEVICE_FAMILY = "1,2";
			};
			name = Debug;
		};
		3D5950202CB42431002D47CB /* Release */ = {
			isa = XCBuildConfiguration;
			buildSettings = {
				ASSETCATALOG_COMPILER_APPICON_NAME = AppIcon;
				ASSETCATALOG_COMPILER_GLOBAL_ACCENT_COLOR_NAME = AccentColor;
				CODE_SIGN_STYLE = Automatic;
				CURRENT_PROJECT_VERSION = 1;
				GENERATE_INFOPLIST_FILE = YES;
				INFOPLIST_FILE = Netflix/Info.plist;
				INFOPLIST_KEY_UIApplicationSupportsIndirectInputEvents = YES;
				INFOPLIST_KEY_UILaunchStoryboardName = LaunchScreen;
				INFOPLIST_KEY_UISupportedInterfaceOrientations_iPad = "UIInterfaceOrientationPortrait UIInterfaceOrientationPortraitUpsideDown UIInterfaceOrientationLandscapeLeft UIInterfaceOrientationLandscapeRight";
				INFOPLIST_KEY_UISupportedInterfaceOrientations_iPhone = "UIInterfaceOrientationPortrait UIInterfaceOrientationLandscapeLeft UIInterfaceOrientationLandscapeRight";
				LD_RUNPATH_SEARCH_PATHS = (
					"$(inherited)",
					"@executable_path/Frameworks",
				);
				MARKETING_VERSION = 1.0;
				PRODUCT_BUNDLE_IDENTIFIER = com.fatihoguz.Netflix;
				PRODUCT_NAME = "$(TARGET_NAME)";
				SWIFT_EMIT_LOC_STRINGS = YES;
				SWIFT_VERSION = 5.0;
				TARGETED_DEVICE_FAMILY = "1,2";
			};
			name = Release;
		};
/* End XCBuildConfiguration section */

/* Begin XCConfigurationList section */
		3D5950052CB4242E002D47CB /* Build configuration list for PBXProject "Netflix" */ = {
			isa = XCConfigurationList;
			buildConfigurations = (
				3D59501C2CB42431002D47CB /* Debug */,
				3D59501D2CB42431002D47CB /* Release */,
			);
			defaultConfigurationIsVisible = 0;
			defaultConfigurationName = Release;
		};
		3D59501E2CB42431002D47CB /* Build configuration list for PBXNativeTarget "Netflix" */ = {
			isa = XCConfigurationList;
			buildConfigurations = (
				3D59501F2CB42431002D47CB /* Debug */,
				3D5950202CB42431002D47CB /* Release */,
			);
			defaultConfigurationIsVisible = 0;
			defaultConfigurationName = Release;
		};
/* End XCConfigurationList section */

/* Begin XCRemoteSwiftPackageReference section */
		3D5950372CB55B3B002D47CB /* XCRemoteSwiftPackageReference "SnapKit" */ = {
			isa = XCRemoteSwiftPackageReference;
			repositoryURL = "https://github.com/SnapKit/SnapKit.git";
			requirement = {
				kind = upToNextMajorVersion;
				minimumVersion = 5.7.1;
			};
		};
/* End XCRemoteSwiftPackageReference section */

/* Begin XCSwiftPackageProductDependency section */
		3D5950382CB55B3B002D47CB /* SnapKit */ = {
			isa = XCSwiftPackageProductDependency;
			package = 3D5950372CB55B3B002D47CB /* XCRemoteSwiftPackageReference "SnapKit" */;
			productName = SnapKit;
		};
/* End XCSwiftPackageProductDependency section */
	};
	rootObject = 3D5950022CB4242E002D47CB /* Project object */;
}
